
Microsoft Visual Studio Solution File, Format Version 12.00
Project("{FAE04EC0-301F-11D3-BF4B-00C04F79EFBC}") = "FiniteAutomatas.RegularExpressions.Console", "FiniteAutomatas.RegularExpressions.Console\FiniteAutomatas.RegularExpressions.Console.csproj", "{71293CCF-3DFA-421C-854D-C5C3D76A1CFC}"
EndProject
Project("{FAE04EC0-301F-11D3-BF4B-00C04F79EFBC}") = "FiniteAutomatas.MileyToMure.Console", "FiniteAutomatas.MileyToMure.Console\FiniteAutomatas.MileyToMure.Console.csproj", "{54368EE3-A038-4F8C-A9AD-CC74B0A36CDB}"
EndProject
Project("{FAE04EC0-301F-11D3-BF4B-00C04F79EFBC}") = "FiniteAutomatas.Domain", "FiniteAutomatas.Domain\FiniteAutomatas.Domain.csproj", "{2B9ADAD3-2665-40F4-AE36-24EC434A387A}"
EndProject
Project("{FAE04EC0-301F-11D3-BF4B-00C04F79EFBC}") = "FiniteAutomatas.RegularExpressions", "FiniteAutomatas.RegularExpressions\FiniteAutomatas.RegularExpressions.csproj", "{7553AB68-9442-4F43-BA8C-088F8B3D1E8C}"
EndProject
Project("{2150E333-8FDC-42A3-9474-1A3956D46DE8}") = "Domain", "Domain", "{83C9DF32-EA18-4C7D-AE35-99BAF6D7CC0C}"
EndProject
Project("{2150E333-8FDC-42A3-9474-1A3956D46DE8}") = "UI", "UI", "{B003DC11-C771-487F-AB8D-DBFC3E3AD264}"
EndProject
Project("{FAE04EC0-301F-11D3-BF4B-00C04F79EFBC}") = "FiniteAutomatas.Visualizations", "FiniteAutomatas.Visualizations\FiniteAutomatas.Visualizations.csproj", "{6139F3F9-ED06-41ED-9795-683F3D3E2631}"
EndProject
Global
	GlobalSection(SolutionConfigurationPlatforms) = preSolution
		Debug|Any CPU = Debug|Any CPU
		Release|Any CPU = Release|Any CPU
	EndGlobalSection
	GlobalSection(ProjectConfigurationPlatforms) = postSolution
		{71293CCF-3DFA-421C-854D-C5C3D76A1CFC}.Debug|Any CPU.ActiveCfg = Debug|Any CPU
		{71293CCF-3DFA-421C-854D-C5C3D76A1CFC}.Debug|Any CPU.Build.0 = Debug|Any CPU
		{71293CCF-3DFA-421C-854D-C5C3D76A1CFC}.Release|Any CPU.ActiveCfg = Release|Any CPU
		{71293CCF-3DFA-421C-854D-C5C3D76A1CFC}.Release|Any CPU.Build.0 = Release|Any CPU
		{54368EE3-A038-4F8C-A9AD-CC74B0A36CDB}.Debug|Any CPU.ActiveCfg = Debug|Any CPU
		{54368EE3-A038-4F8C-A9AD-CC74B0A36CDB}.Debug|Any CPU.Build.0 = Debug|Any CPU
		{54368EE3-A038-4F8C-A9AD-CC74B0A36CDB}.Release|Any CPU.ActiveCfg = Release|Any CPU
		{54368EE3-A038-4F8C-A9AD-CC74B0A36CDB}.Release|Any CPU.Build.0 = Release|Any CPU
		{2B9ADAD3-2665-40F4-AE36-24EC434A387A}.Debug|Any CPU.ActiveCfg = Debug|Any CPU
		{2B9ADAD3-2665-40F4-AE36-24EC434A387A}.Debug|Any CPU.Build.0 = Debug|Any CPU
		{2B9ADAD3-2665-40F4-AE36-24EC434A387A}.Release|Any CPU.ActiveCfg = Release|Any CPU
		{2B9ADAD3-2665-40F4-AE36-24EC434A387A}.Release|Any CPU.Build.0 = Release|Any CPU
		{7553AB68-9442-4F43-BA8C-088F8B3D1E8C}.Debug|Any CPU.ActiveCfg = Debug|Any CPU
		{7553AB68-9442-4F43-BA8C-088F8B3D1E8C}.Debug|Any CPU.Build.0 = Debug|Any CPU
		{7553AB68-9442-4F43-BA8C-088F8B3D1E8C}.Release|Any CPU.ActiveCfg = Release|Any CPU
		{7553AB68-9442-4F43-BA8C-088F8B3D1E8C}.Release|Any CPU.Build.0 = Release|Any CPU
		{6139F3F9-ED06-41ED-9795-683F3D3E2631}.Debug|Any CPU.ActiveCfg = Debug|Any CPU
		{6139F3F9-ED06-41ED-9795-683F3D3E2631}.Debug|Any CPU.Build.0 = Debug|Any CPU
		{6139F3F9-ED06-41ED-9795-683F3D3E2631}.Release|Any CPU.ActiveCfg = Release|Any CPU
		{6139F3F9-ED06-41ED-9795-683F3D3E2631}.Release|Any CPU.Build.0 = Release|Any CPU
	EndGlobalSection
	GlobalSection(NestedProjects) = preSolution
		{2B9ADAD3-2665-40F4-AE36-24EC434A387A} = {83C9DF32-EA18-4C7D-AE35-99BAF6D7CC0C}
		{7553AB68-9442-4F43-BA8C-088F8B3D1E8C} = {83C9DF32-EA18-4C7D-AE35-99BAF6D7CC0C}
		{54368EE3-A038-4F8C-A9AD-CC74B0A36CDB} = {B003DC11-C771-487F-AB8D-DBFC3E3AD264}
		{71293CCF-3DFA-421C-854D-C5C3D76A1CFC} = {B003DC11-C771-487F-AB8D-DBFC3E3AD264}
	EndGlobalSection
EndGlobal
